
Microsoft Visual Studio Solution File, Format Version 12.00
# Visual Studio Version 16
VisualStudioVersion = 16.0.30621.155
MinimumVisualStudioVersion = 10.0.40219.1
Project("{FAE04EC0-301F-11D3-BF4B-00C04F79EFBC}") = "Function", "Function\Function.csproj", "{22395B08-01B9-4D84-B26B-EDC03BA7DCD0}"
EndProject
Global
	GlobalSection(SolutionConfigurationPlatforms) = preSolution
		Debug|Any CPU = Debug|Any CPU
		Release|Any CPU = Release|Any CPU
	EndGlobalSection
	GlobalSection(ProjectConfigurationPlatforms) = postSolution
		{22395B08-01B9-4D84-B26B-EDC03BA7DCD0}.Debug|Any CPU.ActiveCfg = Debug|Any CPU
		{22395B08-01B9-4D84-B26B-EDC03BA7DCD0}.Debug|Any CPU.Build.0 = Debug|Any CPU
		{22395B08-01B9-4D84-B26B-EDC03BA7DCD0}.Release|Any CPU.ActiveCfg = Release|Any CPU
		{22395B08-01B9-4D84-B26B-EDC03BA7DCD0}.Release|Any CPU.Build.0 = Release|Any CPU
	EndGlobalSection
	GlobalSection(SolutionProperties) = preSolution
		HideSolutionNode = FALSE
	EndGlobalSection
	GlobalSection(ExtensibilityGlobals) = postSolution
		SolutionGuid = {3EF9EBDF-2E9C-44A7-B028-2AD5AFAF73B6}
	EndGlobalSection
EndGlobal
